
Microsoft Visual Studio Solution File, Format Version 12.00
# Visual Studio 15
VisualStudioVersion = 15.0.28307.757
MinimumVisualStudioVersion = 10.0.40219.1
Project("{FAE04EC0-301F-11D3-BF4B-00C04F79EFBC}") = "RabbitMQ", "RabbitMQ\RabbitMQ.csproj", "{0949BE1A-B697-4847-8499-23E59C01A2CF}"
EndProject
Project("{FAE04EC0-301F-11D3-BF4B-00C04F79EFBC}") = "RabbitMQ.Data", "RabbitMQ.Data\RabbitMQ.Data.csproj", "{C5B658E6-1B9B-4BC5-913A-CA73D84CD176}"
EndProject
Global
	GlobalSection(SolutionConfigurationPlatforms) = preSolution
		Debug|Any CPU = Debug|Any CPU
		Release|Any CPU = Release|Any CPU
	EndGlobalSection
	GlobalSection(ProjectConfigurationPlatforms) = postSolution
		{0949BE1A-B697-4847-8499-23E59C01A2CF}.Debug|Any CPU.ActiveCfg = Debug|Any CPU
		{0949BE1A-B697-4847-8499-23E59C01A2CF}.Debug|Any CPU.Build.0 = Debug|Any CPU
		{0949BE1A-B697-4847-8499-23E59C01A2CF}.Release|Any CPU.ActiveCfg = Release|Any CPU
		{0949BE1A-B697-4847-8499-23E59C01A2CF}.Release|Any CPU.Build.0 = Release|Any CPU
		{C5B658E6-1B9B-4BC5-913A-CA73D84CD176}.Debug|Any CPU.ActiveCfg = Debug|Any CPU
		{C5B658E6-1B9B-4BC5-913A-CA73D84CD176}.Debug|Any CPU.Build.0 = Debug|Any CPU
		{C5B658E6-1B9B-4BC5-913A-CA73D84CD176}.Release|Any CPU.ActiveCfg = Release|Any CPU
		{C5B658E6-1B9B-4BC5-913A-CA73D84CD176}.Release|Any CPU.Build.0 = Release|Any CPU
	EndGlobalSection
	GlobalSection(SolutionProperties) = preSolution
		HideSolutionNode = FALSE
	EndGlobalSection
	GlobalSection(ExtensibilityGlobals) = postSolution
		SolutionGuid = {E80D4403-391D-418D-B9EF-3CF0A1D2F589}
	EndGlobalSection
EndGlobal
